// !$*UTF8*$!
{
	archiveVersion = 1;
	classes = {
	};
	objectVersion = 56;
	objects = {

/* Begin PBXBuildFile section */
		AC09F875298251AD00318843 /* ZOMATO_CLONEApp.swift in Sources */ = {isa = PBXBuildFile; fileRef = AC09F874298251AD00318843 /* ZOMATO_CLONEApp.swift */; };
		AC09F877298251AD00318843 /* ZOMATO_CLONEDocument.swift in Sources */ = {isa = PBXBuildFile; fileRef = AC09F876298251AD00318843 /* ZOMATO_CLONEDocument.swift */; };
		AC09F879298251AD00318843 /* ContentView.swift in Sources */ = {isa = PBXBuildFile; fileRef = AC09F878298251AD00318843 /* ContentView.swift */; };
		AC09F87B298251AF00318843 /* Assets.xcassets in Resources */ = {isa = PBXBuildFile; fileRef = AC09F87A298251AF00318843 /* Assets.xcassets */; };
		AC09F880298251AF00318843 /* Preview Assets.xcassets in Resources */ = {isa = PBXBuildFile; fileRef = AC09F87F298251AF00318843 /* Preview Assets.xcassets */; };
		AC09F88A298251AF00318843 /* ZOMATO_CLONETests.swift in Sources */ = {isa = PBXBuildFile; fileRef = AC09F889298251AF00318843 /* ZOMATO_CLONETests.swift */; };
		AC09F894298251AF00318843 /* ZOMATO_CLONEUITests.swift in Sources */ = {isa = PBXBuildFile; fileRef = AC09F893298251AF00318843 /* ZOMATO_CLONEUITests.swift */; };
		AC09F896298251AF00318843 /* ZOMATO_CLONEUITestsLaunchTests.swift in Sources */ = {isa = PBXBuildFile; fileRef = AC09F895298251AF00318843 /* ZOMATO_CLONEUITestsLaunchTests.swift */; };
/* End PBXBuildFile section */

/* Begin PBXContainerItemProxy section */
		AC09F886298251AF00318843 /* PBXContainerItemProxy */ = {
			isa = PBXContainerItemProxy;
			containerPortal = AC09F869298251AD00318843 /* Project object */;
			proxyType = 1;
			remoteGlobalIDString = AC09F870298251AD00318843;
			remoteInfo = "ZOMATO-CLONE";
		};
		AC09F890298251AF00318843 /* PBXContainerItemProxy */ = {
			isa = PBXContainerItemProxy;
			containerPortal = AC09F869298251AD00318843 /* Project object */;
			proxyType = 1;
			remoteGlobalIDString = AC09F870298251AD00318843;
			remoteInfo = "ZOMATO-CLONE";
		};
/* End PBXContainerItemProxy section */

/* Begin PBXFileReference section */
		AC09F871298251AD00318843 /* ZOMATO-CLONE.app */ = {isa = PBXFileReference; explicitFileType = wrapper.application; includeInIndex = 0; path = "ZOMATO-CLONE.app"; sourceTree = BUILT_PRODUCTS_DIR; };
		AC09F874298251AD00318843 /* ZOMATO_CLONEApp.swift */ = {isa = PBXFileReference; lastKnownFileType = sourcecode.swift; path = ZOMATO_CLONEApp.swift; sourceTree = "<group>"; };
		AC09F876298251AD00318843 /* ZOMATO_CLONEDocument.swift */ = {isa = PBXFileReference; lastKnownFileType = sourcecode.swift; path = ZOMATO_CLONEDocument.swift; sourceTree = "<group>"; };
		AC09F878298251AD00318843 /* ContentView.swift */ = {isa = PBXFileReference; lastKnownFileType = sourcecode.swift; path = ContentView.swift; sourceTree = "<group>"; };
		AC09F87A298251AF00318843 /* Assets.xcassets */ = {isa = PBXFileReference; lastKnownFileType = folder.assetcatalog; path = Assets.xcassets; sourceTree = "<group>"; };
		AC09F87C298251AF00318843 /* Info.plist */ = {isa = PBXFileReference; lastKnownFileType = text.plist.xml; path = Info.plist; sourceTree = "<group>"; };
		AC09F87D298251AF00318843 /* ZOMATO_CLONE.entitlements */ = {isa = PBXFileReference; lastKnownFileType = text.plist.entitlements; path = ZOMATO_CLONE.entitlements; sourceTree = "<group>"; };
		AC09F87F298251AF00318843 /* Preview Assets.xcassets */ = {isa = PBXFileReference; lastKnownFileType = folder.assetcatalog; path = "Preview Assets.xcassets"; sourceTree = "<group>"; };
		AC09F885298251AF00318843 /* ZOMATO-CLONETests.xctest */ = {isa = PBXFileReference; explicitFileType = wrapper.cfbundle; includeInIndex = 0; path = "ZOMATO-CLONETests.xctest"; sourceTree = BUILT_PRODUCTS_DIR; };
		AC09F889298251AF00318843 /* ZOMATO_CLONETests.swift */ = {isa = PBXFileReference; lastKnownFileType = sourcecode.swift; path = ZOMATO_CLONETests.swift; sourceTree = "<group>"; };
		AC09F88F298251AF00318843 /* ZOMATO-CLONEUITests.xctest */ = {isa = PBXFileReference; explicitFileType = wrapper.cfbundle; includeInIndex = 0; path = "ZOMATO-CLONEUITests.xctest"; sourceTree = BUILT_PRODUCTS_DIR; };
		AC09F893298251AF00318843 /* ZOMATO_CLONEUITests.swift */ = {isa = PBXFileReference; lastKnownFileType = sourcecode.swift; path = ZOMATO_CLONEUITests.swift; sourceTree = "<group>"; };
		AC09F895298251AF00318843 /* ZOMATO_CLONEUITestsLaunchTests.swift */ = {isa = PBXFileReference; lastKnownFileType = sourcecode.swift; path = ZOMATO_CLONEUITestsLaunchTests.swift; sourceTree = "<group>"; };
/* End PBXFileReference section */

/* Begin PBXFrameworksBuildPhase section */
		AC09F86E298251AD00318843 /* Frameworks */ = {
			isa = PBXFrameworksBuildPhase;
			buildActionMask = 2147483647;
			files = (
			);
			runOnlyForDeploymentPostprocessing = 0;
		};
		AC09F882298251AF00318843 /* Frameworks */ = {
			isa = PBXFrameworksBuildPhase;
			buildActionMask = 2147483647;
			files = (
			);
			runOnlyForDeploymentPostprocessing = 0;
		};
		AC09F88C298251AF00318843 /* Frameworks */ = {
			isa = PBXFrameworksBuildPhase;
			buildActionMask = 2147483647;
			files = (
			);
			runOnlyForDeploymentPostprocessing = 0;
		};
/* End PBXFrameworksBuildPhase section */

/* Begin PBXGroup section */
		AC09F868298251AD00318843 = {
			isa = PBXGroup;
			children = (
				AC09F873298251AD00318843 /* ZOMATO-CLONE */,
				AC09F888298251AF00318843 /* ZOMATO-CLONETests */,
				AC09F892298251AF00318843 /* ZOMATO-CLONEUITests */,
				AC09F872298251AD00318843 /* Products */,
			);
			sourceTree = "<group>";
		};
		AC09F872298251AD00318843 /* Products */ = {
			isa = PBXGroup;
			children = (
				AC09F871298251AD00318843 /* ZOMATO-CLONE.app */,
				AC09F885298251AF00318843 /* ZOMATO-CLONETests.xctest */,
				AC09F88F298251AF00318843 /* ZOMATO-CLONEUITests.xctest */,
			);
			name = Products;
			sourceTree = "<group>";
		};
		AC09F873298251AD00318843 /* ZOMATO-CLONE */ = {
			isa = PBXGroup;
			children = (
				AC09F874298251AD00318843 /* ZOMATO_CLONEApp.swift */,
				AC09F876298251AD00318843 /* ZOMATO_CLONEDocument.swift */,
				AC09F878298251AD00318843 /* ContentView.swift */,
				AC09F87A298251AF00318843 /* Assets.xcassets */,
				AC09F87C298251AF00318843 /* Info.plist */,
				AC09F87D298251AF00318843 /* ZOMATO_CLONE.entitlements */,
				AC09F87E298251AF00318843 /* Preview Content */,
			);
			path = "ZOMATO-CLONE";
			sourceTree = "<group>";
		};
		AC09F87E298251AF00318843 /* Preview Content */ = {
			isa = PBXGroup;
			children = (
				AC09F87F298251AF00318843 /* Preview Assets.xcassets */,
			);
			path = "Preview Content";
			sourceTree = "<group>";
		};
		AC09F888298251AF00318843 /* ZOMATO-CLONETests */ = {
			isa = PBXGroup;
			children = (
				AC09F889298251AF00318843 /* ZOMATO_CLONETests.swift */,
			);
			path = "ZOMATO-CLONETests";
			sourceTree = "<group>";
		};
		AC09F892298251AF00318843 /* ZOMATO-CLONEUITests */ = {
			isa = PBXGroup;
			children = (
				AC09F893298251AF00318843 /* ZOMATO_CLONEUITests.swift */,
				AC09F895298251AF00318843 /* ZOMATO_CLONEUITestsLaunchTests.swift */,
			);
			path = "ZOMATO-CLONEUITests";
			sourceTree = "<group>";
		};
/* End PBXGroup section */

/* Begin PBXNativeTarget section */
		AC09F870298251AD00318843 /* ZOMATO-CLONE */ = {
			isa = PBXNativeTarget;
			buildConfigurationList = AC09F899298251AF00318843 /* Build configuration list for PBXNativeTarget "ZOMATO-CLONE" */;
			buildPhases = (
				AC09F86D298251AD00318843 /* Sources */,
				AC09F86E298251AD00318843 /* Frameworks */,
				AC09F86F298251AD00318843 /* Resources */,
			);
			buildRules = (
			);
			dependencies = (
			);
			name = "ZOMATO-CLONE";
			productName = "ZOMATO-CLONE";
			productReference = AC09F871298251AD00318843 /* ZOMATO-CLONE.app */;
			productType = "com.apple.product-type.application";
		};
		AC09F884298251AF00318843 /* ZOMATO-CLONETests */ = {
			isa = PBXNativeTarget;
			buildConfigurationList = AC09F89C298251AF00318843 /* Build configuration list for PBXNativeTarget "ZOMATO-CLONETests" */;
			buildPhases = (
				AC09F881298251AF00318843 /* Sources */,
				AC09F882298251AF00318843 /* Frameworks */,
				AC09F883298251AF00318843 /* Resources */,
			);
			buildRules = (
			);
			dependencies = (
				AC09F887298251AF00318843 /* PBXTargetDependency */,
			);
			name = "ZOMATO-CLONETests";
			productName = "ZOMATO-CLONETests";
			productReference = AC09F885298251AF00318843 /* ZOMATO-CLONETests.xctest */;
			productType = "com.apple.product-type.bundle.unit-test";
		};
		AC09F88E298251AF00318843 /* ZOMATO-CLONEUITests */ = {
			isa = PBXNativeTarget;
			buildConfigurationList = AC09F89F298251AF00318843 /* Build configuration list for PBXNativeTarget "ZOMATO-CLONEUITests" */;
			buildPhases = (
				AC09F88B298251AF00318843 /* Sources */,
				AC09F88C298251AF00318843 /* Frameworks */,
				AC09F88D298251AF00318843 /* Resources */,
			);
			buildRules = (
			);
			dependencies = (
				AC09F891298251AF00318843 /* PBXTargetDependency */,
			);
			name = "ZOMATO-CLONEUITests";
			productName = "ZOMATO-CLONEUITests";
			productReference = AC09F88F298251AF00318843 /* ZOMATO-CLONEUITests.xctest */;
			productType = "com.apple.product-type.bundle.ui-testing";
		};
/* End PBXNativeTarget section */

/* Begin PBXProject section */
		AC09F869298251AD00318843 /* Project object */ = {
			isa = PBXProject;
			attributes = {
				BuildIndependentTargetsInParallel = 1;
				LastSwiftUpdateCheck = 1420;
				LastUpgradeCheck = 1420;
				TargetAttributes = {
					AC09F870298251AD00318843 = {
						CreatedOnToolsVersion = 14.2;
					};
					AC09F884298251AF00318843 = {
						CreatedOnToolsVersion = 14.2;
						TestTargetID = AC09F870298251AD00318843;
					};
					AC09F88E298251AF00318843 = {
						CreatedOnToolsVersion = 14.2;
						TestTargetID = AC09F870298251AD00318843;
					};
				};
			};
			buildConfigurationList = AC09F86C298251AD00318843 /* Build configuration list for PBXProject "ZOMATO-CLONE" */;
			compatibilityVersion = "Xcode 14.0";
			developmentRegion = en;
			hasScannedForEncodings = 0;
			knownRegions = (
				en,
				Base,
			);
			mainGroup = AC09F868298251AD00318843;
			productRefGroup = AC09F872298251AD00318843 /* Products */;
			projectDirPath = "";
			projectRoot = "";
			targets = (
				AC09F870298251AD00318843 /* ZOMATO-CLONE */,
				AC09F884298251AF00318843 /* ZOMATO-CLONETests */,
				AC09F88E298251AF00318843 /* ZOMATO-CLONEUITests */,
			);
		};
/* End PBXProject section */

/* Begin PBXResourcesBuildPhase section */
		AC09F86F298251AD00318843 /* Resources */ = {
			isa = PBXResourcesBuildPhase;
			buildActionMask = 2147483647;
			files = (
				AC09F880298251AF00318843 /* Preview Assets.xcassets in Resources */,
				AC09F87B298251AF00318843 /* Assets.xcassets in Resources */,
			);
			runOnlyForDeploymentPostprocessing = 0;
		};
		AC09F883298251AF00318843 /* Resources */ = {
			isa = PBXResourcesBuildPhase;
			buildActionMask = 2147483647;
			files = (
			);
			runOnlyForDeploymentPostprocessing = 0;
		};
		AC09F88D298251AF00318843 /* Resources */ = {
			isa = PBXResourcesBuildPhase;
			buildActionMask = 2147483647;
			files = (
			);
			runOnlyForDeploymentPostprocessing = 0;
		};
/* End PBXResourcesBuildPhase section */

/* Begin PBXSourcesBuildPhase section */
		AC09F86D298251AD00318843 /* Sources */ = {
			isa = PBXSourcesBuildPhase;
			buildActionMask = 2147483647;
			files = (
				AC09F877298251AD00318843 /* ZOMATO_CLONEDocument.swift in Sources */,
				AC09F875298251AD00318843 /* ZOMATO_CLONEApp.swift in Sources */,
				AC09F879298251AD00318843 /* ContentView.swift in Sources */,
			);
			runOnlyForDeploymentPostprocessing = 0;
		};
		AC09F881298251AF00318843 /* Sources */ = {
			isa = PBXSourcesBuildPhase;
			buildActionMask = 2147483647;
			files = (
				AC09F88A298251AF00318843 /* ZOMATO_CLONETests.swift in Sources */,
			);
			runOnlyForDeploymentPostprocessing = 0;
		};
		AC09F88B298251AF00318843 /* Sources */ = {
			isa = PBXSourcesBuildPhase;
			buildActionMask = 2147483647;
			files = (
				AC09F896298251AF00318843 /* ZOMATO_CLONEUITestsLaunchTests.swift in Sources */,
				AC09F894298251AF00318843 /* ZOMATO_CLONEUITests.swift in Sources */,
			);
			runOnlyForDeploymentPostprocessing = 0;
		};
/* End PBXSourcesBuildPhase section */

/* Begin PBXTargetDependency section */
		AC09F887298251AF00318843 /* PBXTargetDependency */ = {
			isa = PBXTargetDependency;
			target = AC09F870298251AD00318843 /* ZOMATO-CLONE */;
			targetProxy = AC09F886298251AF00318843 /* PBXContainerItemProxy */;
		};
		AC09F891298251AF00318843 /* PBXTargetDependency */ = {
			isa = PBXTargetDependency;
			target = AC09F870298251AD00318843 /* ZOMATO-CLONE */;
			targetProxy = AC09F890298251AF00318843 /* PBXContainerItemProxy */;
		};
/* End PBXTargetDependency section */

/* Begin XCBuildConfiguration section */
		AC09F897298251AF00318843 /* Debug */ = {
			isa = XCBuildConfiguration;
			buildSettings = {
				ALWAYS_SEARCH_USER_PATHS = NO;
				CLANG_ANALYZER_NONNULL = YES;
				CLANG_ANALYZER_NUMBER_OBJECT_CONVERSION = YES_AGGRESSIVE;
				CLANG_CXX_LANGUAGE_STANDARD = "gnu++20";
				CLANG_ENABLE_MODULES = YES;
				CLANG_ENABLE_OBJC_ARC = YES;
				CLANG_ENABLE_OBJC_WEAK = YES;
				CLANG_WARN_BLOCK_CAPTURE_AUTORELEASING = YES;
				CLANG_WARN_BOOL_CONVERSION = YES;
				CLANG_WARN_COMMA = YES;
				CLANG_WARN_CONSTANT_CONVERSION = YES;
				CLANG_WARN_DEPRECATED_OBJC_IMPLEMENTATIONS = YES;
				CLANG_WARN_DIRECT_OBJC_ISA_USAGE = YES_ERROR;
				CLANG_WARN_DOCUMENTATION_COMMENTS = YES;
				CLANG_WARN_EMPTY_BODY = YES;
				CLANG_WARN_ENUM_CONVERSION = YES;
				CLANG_WARN_INFINITE_RECURSION = YES;
				CLANG_WARN_INT_CONVERSION = YES;
				CLANG_WARN_NON_LITERAL_NULL_CONVERSION = YES;
				CLANG_WARN_OBJC_IMPLICIT_RETAIN_SELF = YES;
				CLANG_WARN_OBJC_LITERAL_CONVERSION = YES;
				CLANG_WARN_OBJC_ROOT_CLASS = YES_ERROR;
				CLANG_WARN_QUOTED_INCLUDE_IN_FRAMEWORK_HEADER = YES;
				CLANG_WARN_RANGE_LOOP_ANALYSIS = YES;
				CLANG_WARN_STRICT_PROTOTYPES = YES;
				CLANG_WARN_SUSPICIOUS_MOVE = YES;
				CLANG_WARN_UNGUARDED_AVAILABILITY = YES_AGGRESSIVE;
				CLANG_WARN_UNREACHABLE_CODE = YES;
				CLANG_WARN__DUPLICATE_METHOD_MATCH = YES;
				COPY_PHASE_STRIP = NO;
				DEBUG_INFORMATION_FORMAT = dwarf;
				ENABLE_STRICT_OBJC_MSGSEND = YES;
				ENABLE_TESTABILITY = YES;
				GCC_C_LANGUAGE_STANDARD = gnu11;
				GCC_DYNAMIC_NO_PIC = NO;
				GCC_NO_COMMON_BLOCKS = YES;
				GCC_OPTIMIZATION_LEVEL = 0;
				GCC_PREPROCESSOR_DEFINITIONS = (
					"DEBUG=1",
					"$(inherited)",
				);
				GCC_WARN_64_TO_32_BIT_CONVERSION = YES;
				GCC_WARN_ABOUT_RETURN_TYPE = YES_ERROR;
				GCC_WARN_UNDECLARED_SELECTOR = YES;
				GCC_WARN_UNINITIALIZED_AUTOS = YES_AGGRESSIVE;
				GCC_WARN_UNUSED_FUNCTION = YES;
				GCC_WARN_UNUSED_VARIABLE = YES;
				MTL_ENABLE_DEBUG_INFO = INCLUDE_SOURCE;
				MTL_FAST_MATH = YES;
				ONLY_ACTIVE_ARCH = YES;
				SWIFT_ACTIVE_COMPILATION_CONDITIONS = DEBUG;
				SWIFT_OPTIMIZATION_LEVEL = "-Onone";
			};
			name = Debug;
		};
		AC09F898298251AF00318843 /* Release */ = {
			isa = XCBuildConfiguration;
			buildSettings = {
				ALWAYS_SEARCH_USER_PATHS = NO;
				CLANG_ANALYZER_NONNULL = YES;
				CLANG_ANALYZER_NUMBER_OBJECT_CONVERSION = YES_AGGRESSIVE;
				CLANG_CXX_LANGUAGE_STANDARD = "gnu++20";
				CLANG_ENABLE_MODULES = YES;
				CLANG_ENABLE_OBJC_ARC = YES;
				CLANG_ENABLE_OBJC_WEAK = YES;
				CLANG_WARN_BLOCK_CAPTURE_AUTORELEASING = YES;
				CLANG_WARN_BOOL_CONVERSION = YES;
				CLANG_WARN_COMMA = YES;
				CLANG_WARN_CONSTANT_CONVERSION = YES;
				CLANG_WARN_DEPRECATED_OBJC_IMPLEMENTATIONS = YES;
				CLANG_WARN_DIRECT_OBJC_ISA_USAGE = YES_ERROR;
				CLANG_WARN_DOCUMENTATION_COMMENTS = YES;
				CLANG_WARN_EMPTY_BODY = YES;
				CLANG_WARN_ENUM_CONVERSION = YES;
				CLANG_WARN_INFINITE_RECURSION = YES;
				CLANG_WARN_INT_CONVERSION = YES;
				CLANG_WARN_NON_LITERAL_NULL_CONVERSION = YES;
				CLANG_WARN_OBJC_IMPLICIT_RETAIN_SELF = YES;
				CLANG_WARN_OBJC_LITERAL_CONVERSION = YES;
				CLANG_WARN_OBJC_ROOT_CLASS = YES_ERROR;
				CLANG_WARN_QUOTED_INCLUDE_IN_FRAMEWORK_HEADER = YES;
				CLANG_WARN_RANGE_LOOP_ANALYSIS = YES;
				CLANG_WARN_STRICT_PROTOTYPES = YES;
				CLANG_WARN_SUSPICIOUS_MOVE = YES;
				CLANG_WARN_UNGUARDED_AVAILABILITY = YES_AGGRESSIVE;
				CLANG_WARN_UNREACHABLE_CODE = YES;
				CLANG_WARN__DUPLICATE_METHOD_MATCH = YES;
				COPY_PHASE_STRIP = NO;
				DEBUG_INFORMATION_FORMAT = "dwarf-with-dsym";
				ENABLE_NS_ASSERTIONS = NO;
				ENABLE_STRICT_OBJC_MSGSEND = YES;
				GCC_C_LANGUAGE_STANDARD = gnu11;
				GCC_NO_COMMON_BLOCKS = YES;
				GCC_WARN_64_TO_32_BIT_CONVERSION = YES;
				GCC_WARN_ABOUT_RETURN_TYPE = YES_ERROR;
				GCC_WARN_UNDECLARED_SELECTOR = YES;
				GCC_WARN_UNINITIALIZED_AUTOS = YES_AGGRESSIVE;
				GCC_WARN_UNUSED_FUNCTION = YES;
				GCC_WARN_UNUSED_VARIABLE = YES;
				MTL_ENABLE_DEBUG_INFO = NO;
				MTL_FAST_MATH = YES;
				SWIFT_COMPILATION_MODE = wholemodule;
				SWIFT_OPTIMIZATION_LEVEL = "-O";
			};
			name = Release;
		};
		AC09F89A298251AF00318843 /* Debug */ = {
			isa = XCBuildConfiguration;
			buildSettings = {
				ASSETCATALOG_COMPILER_APPICON_NAME = AppIcon;
				ASSETCATALOG_COMPILER_GLOBAL_ACCENT_COLOR_NAME = AccentColor;
				CODE_SIGN_ENTITLEMENTS = "ZOMATO-CLONE/ZOMATO_CLONE.entitlements";
				CODE_SIGN_STYLE = Automatic;
				CURRENT_PROJECT_VERSION = 1;
				DEVELOPMENT_ASSET_PATHS = "\"ZOMATO-CLONE/Preview Content\"";
				ENABLE_PREVIEWS = YES;
				GENERATE_INFOPLIST_FILE = YES;
				INFOPLIST_FILE = "ZOMATO-CLONE/Info.plist";
				"INFOPLIST_KEY_UIApplicationSceneManifest_Generation[sdk=iphoneos*]" = YES;
				"INFOPLIST_KEY_UIApplicationSceneManifest_Generation[sdk=iphonesimulator*]" = YES;
				"INFOPLIST_KEY_UIApplicationSupportsIndirectInputEvents[sdk=iphoneos*]" = YES;
				"INFOPLIST_KEY_UIApplicationSupportsIndirectInputEvents[sdk=iphonesimulator*]" = YES;
				"INFOPLIST_KEY_UILaunchScreen_Generation[sdk=iphoneos*]" = YES;
				"INFOPLIST_KEY_UILaunchScreen_Generation[sdk=iphonesimulator*]" = YES;
				"INFOPLIST_KEY_UIStatusBarStyle[sdk=iphoneos*]" = UIStatusBarStyleDefault;
				"INFOPLIST_KEY_UIStatusBarStyle[sdk=iphonesimulator*]" = UIStatusBarStyleDefault;
				INFOPLIST_KEY_UISupportedInterfaceOrientations_iPad = "UIInterfaceOrientationPortrait UIInterfaceOrientationPortraitUpsideDown UIInterfaceOrientationLandscapeLeft UIInterfaceOrientationLandscapeRight";
				INFOPLIST_KEY_UISupportedInterfaceOrientations_iPhone = "UIInterfaceOrientationPortrait UIInterfaceOrientationLandscapeLeft UIInterfaceOrientationLandscapeRight";
				"INFOPLIST_KEY_UISupportsDocumentBrowser[sdk=iphoneos*]" = YES;
				"INFOPLIST_KEY_UISupportsDocumentBrowser[sdk=iphonesimulator*]" = YES;
				IPHONEOS_DEPLOYMENT_TARGET = 16.2;
				LD_RUNPATH_SEARCH_PATHS = "@executable_path/Frameworks";
				"LD_RUNPATH_SEARCH_PATHS[sdk=macosx*]" = "@executable_path/../Frameworks";
				MACOSX_DEPLOYMENT_TARGET = 13.0;
				MARKETING_VERSION = 1.0;
				PRODUCT_BUNDLE_IDENTIFIER = "AYUSH.ZOMATO-CLONE";
				PRODUCT_NAME = "$(TARGET_NAME)";
				SDKROOT = auto;
				SUPPORTED_PLATFORMS = "iphoneos iphonesimulator macosx";
				SWIFT_EMIT_LOC_STRINGS = YES;
				SWIFT_VERSION = 5.0;
				TARGETED_DEVICE_FAMILY = "1,2";
			};
			name = Debug;
		};
		AC09F89B298251AF00318843 /* Release */ = {
			isa = XCBuildConfiguration;
			buildSettings = {
				ASSETCATALOG_COMPILER_APPICON_NAME = AppIcon;
				ASSETCATALOG_COMPILER_GLOBAL_ACCENT_COLOR_NAME = AccentColor;
				CODE_SIGN_ENTITLEMENTS = "ZOMATO-CLONE/ZOMATO_CLONE.entitlements";
				CODE_SIGN_STYLE = Automatic;
				CURRENT_PROJECT_VERSION = 1;
				DEVELOPMENT_ASSET_PATHS = "\"ZOMATO-CLONE/Preview Content\"";
				ENABLE_PREVIEWS = YES;
				GENERATE_INFOPLIST_FILE = YES;
				INFOPLIST_FILE = "ZOMATO-CLONE/Info.plist";
				"INFOPLIST_KEY_UIApplicationSceneManifest_Generation[sdk=iphoneos*]" = YES;
				"INFOPLIST_KEY_UIApplicationSceneManifest_Generation[sdk=iphonesimulator*]" = YES;
				"INFOPLIST_KEY_UIApplicationSupportsIndirectInputEvents[sdk=iphoneos*]" = YES;
				"INFOPLIST_KEY_UIApplicationSupportsIndirectInputEvents[sdk=iphonesimulator*]" = YES;
				"INFOPLIST_KEY_UILaunchScreen_Generation[sdk=iphoneos*]" = YES;
				"INFOPLIST_KEY_UILaunchScreen_Generation[sdk=iphonesimulator*]" = YES;
				"INFOPLIST_KEY_UIStatusBarStyle[sdk=iphoneos*]" = UIStatusBarStyleDefault;
				"INFOPLIST_KEY_UIStatusBarStyle[sdk=iphonesimulator*]" = UIStatusBarStyleDefault;
				INFOPLIST_KEY_UISupportedInterfaceOrientations_iPad = "UIInterfaceOrientationPortrait UIInterfaceOrientationPortraitUpsideDown UIInterfaceOrientationLandscapeLeft UIInterfaceOrientationLandscapeRight";
				INFOPLIST_KEY_UISupportedInterfaceOrientations_iPhone = "UIInterfaceOrientationPortrait UIInterfaceOrientationLandscapeLeft UIInterfaceOrientationLandscapeRight";
				"INFOPLIST_KEY_UISupportsDocumentBrowser[sdk=iphoneos*]" = YES;
				"INFOPLIST_KEY_UISupportsDocumentBrowser[sdk=iphonesimulator*]" = YES;
				IPHONEOS_DEPLOYMENT_TARGET = 16.2;
				LD_RUNPATH_SEARCH_PATHS = "@executable_path/Frameworks";
				"LD_RUNPATH_SEARCH_PATHS[sdk=macosx*]" = "@executable_path/../Frameworks";
				MACOSX_DEPLOYMENT_TARGET = 13.0;
				MARKETING_VERSION = 1.0;
				PRODUCT_BUNDLE_IDENTIFIER = "AYUSH.ZOMATO-CLONE";
				PRODUCT_NAME = "$(TARGET_NAME)";
				SDKROOT = auto;
				SUPPORTED_PLATFORMS = "iphoneos iphonesimulator macosx";
				SWIFT_EMIT_LOC_STRINGS = YES;
				SWIFT_VERSION = 5.0;
				TARGETED_DEVICE_FAMILY = "1,2";
			};
			name = Release;
		};
		AC09F89D298251AF00318843 /* Debug */ = {
			isa = XCBuildConfiguration;
			buildSettings = {
				ALWAYS_EMBED_SWIFT_STANDARD_LIBRARIES = YES;
				BUNDLE_LOADER = "$(TEST_HOST)";
				CODE_SIGN_STYLE = Automatic;
				CURRENT_PROJECT_VERSION = 1;
				GENERATE_INFOPLIST_FILE = YES;
				IPHONEOS_DEPLOYMENT_TARGET = 16.2;
				MACOSX_DEPLOYMENT_TARGET = 13.0;
				MARKETING_VERSION = 1.0;
				PRODUCT_BUNDLE_IDENTIFIER = "AYUSH.ZOMATO-CLONETests";
				PRODUCT_NAME = "$(TARGET_NAME)";
				SDKROOT = auto;
				SUPPORTED_PLATFORMS = "iphoneos iphonesimulator macosx";
				SWIFT_EMIT_LOC_STRINGS = NO;
				SWIFT_VERSION = 5.0;
				TARGETED_DEVICE_FAMILY = "1,2";
				TEST_HOST = "$(BUILT_PRODUCTS_DIR)/ZOMATO-CLONE.app/$(BUNDLE_EXECUTABLE_FOLDER_PATH)/ZOMATO-CLONE";
			};
			name = Debug;
		};
		AC09F89E298251AF00318843 /* Release */ = {
			isa = XCBuildConfiguration;
			buildSettings = {
				ALWAYS_EMBED_SWIFT_STANDARD_LIBRARIES = YES;
				BUNDLE_LOADER = "$(TEST_HOST)";
				CODE_SIGN_STYLE = Automatic;
				CURRENT_PROJECT_VERSION = 1;
				GENERATE_INFOPLIST_FILE = YES;
				IPHONEOS_DEPLOYMENT_TARGET = 16.2;
				MACOSX_DEPLOYMENT_TARGET = 13.0;
				MARKETING_VERSION = 1.0;
				PRODUCT_BUNDLE_IDENTIFIER = "AYUSH.ZOMATO-CLONETests";
				PRODUCT_NAME = "$(TARGET_NAME)";
				SDKROOT = auto;
				SUPPORTED_PLATFORMS = "iphoneos iphonesimulator macosx";
				SWIFT_EMIT_LOC_STRINGS = NO;
				SWIFT_VERSION = 5.0;
				TARGETED_DEVICE_FAMILY = "1,2";
				TEST_HOST = "$(BUILT_PRODUCTS_DIR)/ZOMATO-CLONE.app/$(BUNDLE_EXECUTABLE_FOLDER_PATH)/ZOMATO-CLONE";
			};
			name = Release;
		};
		AC09F8A0298251AF00318843 /* Debug */ = {
			isa = XCBuildConfiguration;
			buildSettings = {
				ALWAYS_EMBED_SWIFT_STANDARD_LIBRARIES = YES;
				CODE_SIGN_STYLE = Automatic;
				CURRENT_PROJECT_VERSION = 1;
				GENERATE_INFOPLIST_FILE = YES;
				IPHONEOS_DEPLOYMENT_TARGET = 16.2;
				MACOSX_DEPLOYMENT_TARGET = 13.0;
				MARKETING_VERSION = 1.0;
				PRODUCT_BUNDLE_IDENTIFIER = "AYUSH.ZOMATO-CLONEUITests";
				PRODUCT_NAME = "$(TARGET_NAME)";
				SDKROOT = auto;
				SUPPORTED_PLATFORMS = "iphoneos iphonesimulator macosx";
				SWIFT_EMIT_LOC_STRINGS = NO;
				SWIFT_VERSION = 5.0;
				TARGETED_DEVICE_FAMILY = "1,2";
				TEST_TARGET_NAME = "ZOMATO-CLONE";
			};
			name = Debug;
		};
		AC09F8A1298251AF00318843 /* Release */ = {
			isa = XCBuildConfiguration;
			buildSettings = {
				ALWAYS_EMBED_SWIFT_STANDARD_LIBRARIES = YES;
				CODE_SIGN_STYLE = Automatic;
				CURRENT_PROJECT_VERSION = 1;
				GENERATE_INFOPLIST_FILE = YES;
				IPHONEOS_DEPLOYMENT_TARGET = 16.2;
				MACOSX_DEPLOYMENT_TARGET = 13.0;
				MARKETING_VERSION = 1.0;
				PRODUCT_BUNDLE_IDENTIFIER = "AYUSH.ZOMATO-CLONEUITests";
				PRODUCT_NAME = "$(TARGET_NAME)";
				SDKROOT = auto;
				SUPPORTED_PLATFORMS = "iphoneos iphonesimulator macosx";
				SWIFT_EMIT_LOC_STRINGS = NO;
				SWIFT_VERSION = 5.0;
				TARGETED_DEVICE_FAMILY = "1,2";
				TEST_TARGET_NAME = "ZOMATO-CLONE";
			};
			name = Release;
		};
/* End XCBuildConfiguration section */

/* Begin XCConfigurationList section */
		AC09F86C298251AD00318843 /* Build configuration list for PBXProject "ZOMATO-CLONE" */ = {
			isa = XCConfigurationList;
			buildConfigurations = (
				AC09F897298251AF00318843 /* Debug */,
				AC09F898298251AF00318843 /* Release */,
			);
			defaultConfigurationIsVisible = 0;
			defaultConfigurationName = Release;
		};
		AC09F899298251AF00318843 /* Build configuration list for PBXNativeTarget "ZOMATO-CLONE" */ = {
			isa = XCConfigurationList;
			buildConfigurations = (
				AC09F89A298251AF00318843 /* Debug */,
				AC09F89B298251AF00318843 /* Release */,
			);
			defaultConfigurationIsVisible = 0;
			defaultConfigurationName = Release;
		};
		AC09F89C298251AF00318843 /* Build configuration list for PBXNativeTarget "ZOMATO-CLONETests" */ = {
			isa = XCConfigurationList;
			buildConfigurations = (
				AC09F89D298251AF00318843 /* Debug */,
				AC09F89E298251AF00318843 /* Release */,
			);
			defaultConfigurationIsVisible = 0;
			defaultConfigurationName = Release;
		};
		AC09F89F298251AF00318843 /* Build configuration list for PBXNativeTarget "ZOMATO-CLONEUITests" */ = {
			isa = XCConfigurationList;
			buildConfigurations = (
				AC09F8A0298251AF00318843 /* Debug */,
				AC09F8A1298251AF00318843 /* Release */,
			);
			defaultConfigurationIsVisible = 0;
			defaultConfigurationName = Release;
		};
/* End XCConfigurationList section */
	};
	rootObject = AC09F869298251AD00318843 /* Project object */;
}
